// !$*UTF8*$!
{
	archiveVersion = 1;
	classes = {
	};
	objectVersion = 46;
	objects = {

/* Begin PBXBuildFile section */
		4ED9A880FD8CA654FE98CD49 /* Pods_RealmExample.framework in Frameworks */ = {isa = PBXBuildFile; fileRef = AD335F2096DDAE7C8A49CA32 /* Pods_RealmExample.framework */; };
		AC1575431E93714D007C9E95 /* Event.swift in Sources */ = {isa = PBXBuildFile; fileRef = AC1575421E93714D007C9E95 /* Event.swift */; };
		AC1575451E9376F5007C9E95 /* ReactiveExtensions.swift in Sources */ = {isa = PBXBuildFile; fileRef = AC1575441E9376F5007C9E95 /* ReactiveExtensions.swift */; };
		ACEA600E1E92BE69008DBCDB /* AppDelegate.swift in Sources */ = {isa = PBXBuildFile; fileRef = ACEA600D1E92BE69008DBCDB /* AppDelegate.swift */; };
		ACEA60111E92BE6A008DBCDB /* RealmExample.xcdatamodeld in Sources */ = {isa = PBXBuildFile; fileRef = ACEA600F1E92BE69008DBCDB /* RealmExample.xcdatamodeld */; };
		ACEA60131E92BE6A008DBCDB /* MasterViewController.swift in Sources */ = {isa = PBXBuildFile; fileRef = ACEA60121E92BE6A008DBCDB /* MasterViewController.swift */; };
		ACEA60151E92BE6A008DBCDB /* DetailViewController.swift in Sources */ = {isa = PBXBuildFile; fileRef = ACEA60141E92BE6A008DBCDB /* DetailViewController.swift */; };
		ACEA60181E92BE6A008DBCDB /* Main.storyboard in Resources */ = {isa = PBXBuildFile; fileRef = ACEA60161E92BE6A008DBCDB /* Main.storyboard */; };
		ACEA601A1E92BE6A008DBCDB /* Assets.xcassets in Resources */ = {isa = PBXBuildFile; fileRef = ACEA60191E92BE6A008DBCDB /* Assets.xcassets */; };
		ACEA601D1E92BE6A008DBCDB /* LaunchScreen.storyboard in Resources */ = {isa = PBXBuildFile; fileRef = ACEA601B1E92BE6A008DBCDB /* LaunchScreen.storyboard */; };
		ACEA60251E92C3D6008DBCDB /* MasterViewModel.swift in Sources */ = {isa = PBXBuildFile; fileRef = ACEA60241E92C3D6008DBCDB /* MasterViewModel.swift */; };
		ACEA60271E92C3EB008DBCDB /* DetailViewModel.swift in Sources */ = {isa = PBXBuildFile; fileRef = ACEA60261E92C3EB008DBCDB /* DetailViewModel.swift */; };
/* End PBXBuildFile section */

/* Begin PBXFileReference section */
		7AB0A09F786EE65E282BBD3B /* Pods-RealmExample.debug.xcconfig */ = {isa = PBXFileReference; includeInIndex = 1; lastKnownFileType = text.xcconfig; name = "Pods-RealmExample.debug.xcconfig"; path = "Pods/Target Support Files/Pods-RealmExample/Pods-RealmExample.debug.xcconfig"; sourceTree = "<group>"; };
		AC1575421E93714D007C9E95 /* Event.swift */ = {isa = PBXFileReference; fileEncoding = 4; lastKnownFileType = sourcecode.swift; path = Event.swift; sourceTree = "<group>"; };
		AC1575441E9376F5007C9E95 /* ReactiveExtensions.swift */ = {isa = PBXFileReference; fileEncoding = 4; lastKnownFileType = sourcecode.swift; path = ReactiveExtensions.swift; sourceTree = "<group>"; };
		ACEA600A1E92BE69008DBCDB /* RealmExample.app */ = {isa = PBXFileReference; explicitFileType = wrapper.application; includeInIndex = 0; path = RealmExample.app; sourceTree = BUILT_PRODUCTS_DIR; };
		ACEA600D1E92BE69008DBCDB /* AppDelegate.swift */ = {isa = PBXFileReference; lastKnownFileType = sourcecode.swift; path = AppDelegate.swift; sourceTree = "<group>"; };
		ACEA60101E92BE69008DBCDB /* RealmExample.xcdatamodel */ = {isa = PBXFileReference; lastKnownFileType = wrapper.xcdatamodel; path = RealmExample.xcdatamodel; sourceTree = "<group>"; };
		ACEA60121E92BE6A008DBCDB /* MasterViewController.swift */ = {isa = PBXFileReference; lastKnownFileType = sourcecode.swift; path = MasterViewController.swift; sourceTree = "<group>"; };
		ACEA60141E92BE6A008DBCDB /* DetailViewController.swift */ = {isa = PBXFileReference; lastKnownFileType = sourcecode.swift; path = DetailViewController.swift; sourceTree = "<group>"; };
		ACEA60171E92BE6A008DBCDB /* Base */ = {isa = PBXFileReference; lastKnownFileType = file.storyboard; name = Base; path = Base.lproj/Main.storyboard; sourceTree = "<group>"; };
		ACEA60191E92BE6A008DBCDB /* Assets.xcassets */ = {isa = PBXFileReference; lastKnownFileType = folder.assetcatalog; path = Assets.xcassets; sourceTree = "<group>"; };
		ACEA601C1E92BE6A008DBCDB /* Base */ = {isa = PBXFileReference; lastKnownFileType = file.storyboard; name = Base; path = Base.lproj/LaunchScreen.storyboard; sourceTree = "<group>"; };
		ACEA601E1E92BE6A008DBCDB /* Info.plist */ = {isa = PBXFileReference; lastKnownFileType = text.plist.xml; path = Info.plist; sourceTree = "<group>"; };
		ACEA60241E92C3D6008DBCDB /* MasterViewModel.swift */ = {isa = PBXFileReference; fileEncoding = 4; lastKnownFileType = sourcecode.swift; path = MasterViewModel.swift; sourceTree = "<group>"; };
		ACEA60261E92C3EB008DBCDB /* DetailViewModel.swift */ = {isa = PBXFileReference; fileEncoding = 4; lastKnownFileType = sourcecode.swift; path = DetailViewModel.swift; sourceTree = "<group>"; };
		AD335F2096DDAE7C8A49CA32 /* Pods_RealmExample.framework */ = {isa = PBXFileReference; explicitFileType = wrapper.framework; includeInIndex = 0; path = Pods_RealmExample.framework; sourceTree = BUILT_PRODUCTS_DIR; };
		EB6A57A5A23ABA8A02FAC909 /* Pods-RealmExample.release.xcconfig */ = {isa = PBXFileReference; includeInIndex = 1; lastKnownFileType = text.xcconfig; name = "Pods-RealmExample.release.xcconfig"; path = "Pods/Target Support Files/Pods-RealmExample/Pods-RealmExample.release.xcconfig"; sourceTree = "<group>"; };
/* End PBXFileReference section */

/* Begin PBXFrameworksBuildPhase section */
		ACEA60071E92BE69008DBCDB /* Frameworks */ = {
			isa = PBXFrameworksBuildPhase;
			buildActionMask = 2147483647;
			files = (
				4ED9A880FD8CA654FE98CD49 /* Pods_RealmExample.framework in Frameworks */,
			);
			runOnlyForDeploymentPostprocessing = 0;
		};
/* End PBXFrameworksBuildPhase section */

/* Begin PBXGroup section */
		A108432BE91FF5197F01052E /* Pods */ = {
			isa = PBXGroup;
			children = (
				7AB0A09F786EE65E282BBD3B /* Pods-RealmExample.debug.xcconfig */,
				EB6A57A5A23ABA8A02FAC909 /* Pods-RealmExample.release.xcconfig */,
			);
			name = Pods;
			sourceTree = "<group>";
		};
		ACEA60011E92BE69008DBCDB = {
			isa = PBXGroup;
			children = (
				ACEA600C1E92BE69008DBCDB /* RealmExample */,
				ACEA600B1E92BE69008DBCDB /* Products */,
				A108432BE91FF5197F01052E /* Pods */,
				C8EE021C966B62A853A80007 /* Frameworks */,
			);
			sourceTree = "<group>";
		};
		ACEA600B1E92BE69008DBCDB /* Products */ = {
			isa = PBXGroup;
			children = (
				ACEA600A1E92BE69008DBCDB /* RealmExample.app */,
			);
			name = Products;
			sourceTree = "<group>";
		};
		ACEA600C1E92BE69008DBCDB /* RealmExample */ = {
			isa = PBXGroup;
			children = (
				ACEA600D1E92BE69008DBCDB /* AppDelegate.swift */,
				ACEA60241E92C3D6008DBCDB /* MasterViewModel.swift */,
				ACEA60121E92BE6A008DBCDB /* MasterViewController.swift */,
				ACEA60141E92BE6A008DBCDB /* DetailViewController.swift */,
				ACEA60261E92C3EB008DBCDB /* DetailViewModel.swift */,
				ACEA60161E92BE6A008DBCDB /* Main.storyboard */,
				ACEA60191E92BE6A008DBCDB /* Assets.xcassets */,
				ACEA601B1E92BE6A008DBCDB /* LaunchScreen.storyboard */,
				ACEA601E1E92BE6A008DBCDB /* Info.plist */,
				ACEA600F1E92BE69008DBCDB /* RealmExample.xcdatamodeld */,
				AC1575421E93714D007C9E95 /* Event.swift */,
				AC1575441E9376F5007C9E95 /* ReactiveExtensions.swift */,
			);
			path = RealmExample;
			sourceTree = "<group>";
		};
		C8EE021C966B62A853A80007 /* Frameworks */ = {
			isa = PBXGroup;
			children = (
				AD335F2096DDAE7C8A49CA32 /* Pods_RealmExample.framework */,
			);
			name = Frameworks;
			sourceTree = "<group>";
		};
/* End PBXGroup section */

/* Begin PBXNativeTarget section */
		ACEA60091E92BE69008DBCDB /* RealmExample */ = {
			isa = PBXNativeTarget;
			buildConfigurationList = ACEA60211E92BE6A008DBCDB /* Build configuration list for PBXNativeTarget "RealmExample" */;
			buildPhases = (
				68572FDE534A0323E57C8C71 /* [CP] Check Pods Manifest.lock */,
				ACEA60061E92BE69008DBCDB /* Sources */,
				ACEA60071E92BE69008DBCDB /* Frameworks */,
				ACEA60081E92BE69008DBCDB /* Resources */,
				EF3832F1CA5A021C0633358E /* [CP] Embed Pods Frameworks */,
				4CA67F6264FED9592FAE7ABC /* [CP] Copy Pods Resources */,
			);
			buildRules = (
			);
			dependencies = (
			);
			name = RealmExample;
			productName = RealmExample;
			productReference = ACEA600A1E92BE69008DBCDB /* RealmExample.app */;
			productType = "com.apple.product-type.application";
		};
/* End PBXNativeTarget section */

/* Begin PBXProject section */
		ACEA60021E92BE69008DBCDB /* Project object */ = {
			isa = PBXProject;
			attributes = {
				LastSwiftUpdateCheck = 0830;
				LastUpgradeCheck = 0830;
				ORGANIZATIONNAME = Ackee;
				TargetAttributes = {
					ACEA60091E92BE69008DBCDB = {
						CreatedOnToolsVersion = 8.3;
						DevelopmentTeam = PXDF48X6VX;
						ProvisioningStyle = Automatic;
					};
				};
			};
			buildConfigurationList = ACEA60051E92BE69008DBCDB /* Build configuration list for PBXProject "RealmExample" */;
			compatibilityVersion = "Xcode 3.2";
			developmentRegion = English;
			hasScannedForEncodings = 0;
			knownRegions = (
				en,
				Base,
			);
			mainGroup = ACEA60011E92BE69008DBCDB;
			productRefGroup = ACEA600B1E92BE69008DBCDB /* Products */;
			projectDirPath = "";
			projectRoot = "";
			targets = (
				ACEA60091E92BE69008DBCDB /* RealmExample */,
			);
		};
/* End PBXProject section */

/* Begin PBXResourcesBuildPhase section */
		ACEA60081E92BE69008DBCDB /* Resources */ = {
			isa = PBXResourcesBuildPhase;
			buildActionMask = 2147483647;
			files = (
				ACEA601D1E92BE6A008DBCDB /* LaunchScreen.storyboard in Resources */,
				ACEA601A1E92BE6A008DBCDB /* Assets.xcassets in Resources */,
				ACEA60181E92BE6A008DBCDB /* Main.storyboard in Resources */,
			);
			runOnlyForDeploymentPostprocessing = 0;
		};
/* End PBXResourcesBuildPhase section */

/* Begin PBXShellScriptBuildPhase section */
		4CA67F6264FED9592FAE7ABC /* [CP] Copy Pods Resources */ = {
			isa = PBXShellScriptBuildPhase;
			buildActionMask = 2147483647;
			files = (
			);
			inputPaths = (
			);
			name = "[CP] Copy Pods Resources";
			outputPaths = (
			);
			runOnlyForDeploymentPostprocessing = 0;
			shellPath = /bin/sh;
			shellScript = "\"${SRCROOT}/Pods/Target Support Files/Pods-RealmExample/Pods-RealmExample-resources.sh\"\n";
			showEnvVarsInLog = 0;
		};
		68572FDE534A0323E57C8C71 /* [CP] Check Pods Manifest.lock */ = {
			isa = PBXShellScriptBuildPhase;
			buildActionMask = 2147483647;
			files = (
			);
			inputPaths = (
			);
			name = "[CP] Check Pods Manifest.lock";
			outputPaths = (
			);
			runOnlyForDeploymentPostprocessing = 0;
			shellPath = /bin/sh;
			shellScript = "diff \"${PODS_ROOT}/../Podfile.lock\" \"${PODS_ROOT}/Manifest.lock\" > /dev/null\nif [ $? != 0 ] ; then\n    # print error to STDERR\n    echo \"error: The sandbox is not in sync with the Podfile.lock. Run 'pod install' or update your CocoaPods installation.\" >&2\n    exit 1\nfi\n";
			showEnvVarsInLog = 0;
		};
		EF3832F1CA5A021C0633358E /* [CP] Embed Pods Frameworks */ = {
			isa = PBXShellScriptBuildPhase;
			buildActionMask = 2147483647;
			files = (
			);
			inputPaths = (
			);
			name = "[CP] Embed Pods Frameworks";
			outputPaths = (
			);
			runOnlyForDeploymentPostprocessing = 0;
			shellPath = /bin/sh;
			shellScript = "\"${SRCROOT}/Pods/Target Support Files/Pods-RealmExample/Pods-RealmExample-frameworks.sh\"\n";
			showEnvVarsInLog = 0;
		};
/* End PBXShellScriptBuildPhase section */

/* Begin PBXSourcesBuildPhase section */
		ACEA60061E92BE69008DBCDB /* Sources */ = {
			isa = PBXSourcesBuildPhase;
			buildActionMask = 2147483647;
			files = (
				ACEA60251E92C3D6008DBCDB /* MasterViewModel.swift in Sources */,
				ACEA60271E92C3EB008DBCDB /* DetailViewModel.swift in Sources */,
				ACEA60111E92BE6A008DBCDB /* RealmExample.xcdatamodeld in Sources */,
				ACEA600E1E92BE69008DBCDB /* AppDelegate.swift in Sources */,
				ACEA60131E92BE6A008DBCDB /* MasterViewController.swift in Sources */,
				AC1575431E93714D007C9E95 /* Event.swift in Sources */,
				AC1575451E9376F5007C9E95 /* ReactiveExtensions.swift in Sources */,
				ACEA60151E92BE6A008DBCDB /* DetailViewController.swift in Sources */,
			);
			runOnlyForDeploymentPostprocessing = 0;
		};
/* End PBXSourcesBuildPhase section */

/* Begin PBXVariantGroup section */
		ACEA60161E92BE6A008DBCDB /* Main.storyboard */ = {
			isa = PBXVariantGroup;
			children = (
				ACEA60171E92BE6A008DBCDB /* Base */,
			);
			name = Main.storyboard;
			sourceTree = "<group>";
		};
		ACEA601B1E92BE6A008DBCDB /* LaunchScreen.storyboard */ = {
			isa = PBXVariantGroup;
			children = (
				ACEA601C1E92BE6A008DBCDB /* Base */,
			);
			name = LaunchScreen.storyboard;
			sourceTree = "<group>";
		};
/* End PBXVariantGroup section */

/* Begin XCBuildConfiguration section */
		ACEA601F1E92BE6A008DBCDB /* Debug */ = {
			isa = XCBuildConfiguration;
			buildSettings = {
				ALWAYS_SEARCH_USER_PATHS = NO;
				CLANG_ANALYZER_NONNULL = YES;
				CLANG_ANALYZER_NUMBER_OBJECT_CONVERSION = YES_AGGRESSIVE;
				CLANG_CXX_LANGUAGE_STANDARD = "gnu++0x";
				CLANG_CXX_LIBRARY = "libc++";
				CLANG_ENABLE_MODULES = YES;
				CLANG_ENABLE_OBJC_ARC = YES;
				CLANG_WARN_BOOL_CONVERSION = YES;
				CLANG_WARN_CONSTANT_CONVERSION = YES;
				CLANG_WARN_DIRECT_OBJC_ISA_USAGE = YES_ERROR;
				CLANG_WARN_DOCUMENTATION_COMMENTS = YES;
				CLANG_WARN_EMPTY_BODY = YES;
				CLANG_WARN_ENUM_CONVERSION = YES;
				CLANG_WARN_INFINITE_RECURSION = YES;
				CLANG_WARN_INT_CONVERSION = YES;
				CLANG_WARN_OBJC_ROOT_CLASS = YES_ERROR;
				CLANG_WARN_SUSPICIOUS_MOVE = YES;
				CLANG_WARN_UNREACHABLE_CODE = YES;
				CLANG_WARN__DUPLICATE_METHOD_MATCH = YES;
				"CODE_SIGN_IDENTITY[sdk=iphoneos*]" = "iPhone Developer";
				COPY_PHASE_STRIP = NO;
				DEBUG_INFORMATION_FORMAT = dwarf;
				ENABLE_STRICT_OBJC_MSGSEND = YES;
				ENABLE_TESTABILITY = YES;
				GCC_C_LANGUAGE_STANDARD = gnu99;
				GCC_DYNAMIC_NO_PIC = NO;
				GCC_NO_COMMON_BLOCKS = YES;
				GCC_OPTIMIZATION_LEVEL = 0;
				GCC_PREPROCESSOR_DEFINITIONS = (
					"DEBUG=1",
					"$(inherited)",
				);
				GCC_WARN_64_TO_32_BIT_CONVERSION = YES;
				GCC_WARN_ABOUT_RETURN_TYPE = YES_ERROR;
				GCC_WARN_UNDECLARED_SELECTOR = YES;
				GCC_WARN_UNINITIALIZED_AUTOS = YES_AGGRESSIVE;
				GCC_WARN_UNUSED_FUNCTION = YES;
				GCC_WARN_UNUSED_VARIABLE = YES;
				IPHONEOS_DEPLOYMENT_TARGET = 10.3;
				MTL_ENABLE_DEBUG_INFO = YES;
				ONLY_ACTIVE_ARCH = YES;
				SDKROOT = iphoneos;
				SWIFT_ACTIVE_COMPILATION_CONDITIONS = DEBUG;
				SWIFT_OPTIMIZATION_LEVEL = "-Onone";
			};
			name = Debug;
		};
		ACEA60201E92BE6A008DBCDB /* Release */ = {
			isa = XCBuildConfiguration;
			buildSettings = {
				ALWAYS_SEARCH_USER_PATHS = NO;
				CLANG_ANALYZER_NONNULL = YES;
				CLANG_ANALYZER_NUMBER_OBJECT_CONVERSION = YES_AGGRESSIVE;
				CLANG_CXX_LANGUAGE_STANDARD = "gnu++0x";
				CLANG_CXX_LIBRARY = "libc++";
				CLANG_ENABLE_MODULES = YES;
				CLANG_ENABLE_OBJC_ARC = YES;
				CLANG_WARN_BOOL_CONVERSION = YES;
				CLANG_WARN_CONSTANT_CONVERSION = YES;
				CLANG_WARN_DIRECT_OBJC_ISA_USAGE = YES_ERROR;
				CLANG_WARN_DOCUMENTATION_COMMENTS = YES;
				CLANG_WARN_EMPTY_BODY = YES;
				CLANG_WARN_ENUM_CONVERSION = YES;
				CLANG_WARN_INFINITE_RECURSION = YES;
				CLANG_WARN_INT_CONVERSION = YES;
				CLANG_WARN_OBJC_ROOT_CLASS = YES_ERROR;
				CLANG_WARN_SUSPICIOUS_MOVE = YES;
				CLANG_WARN_UNREACHABLE_CODE = YES;
				CLANG_WARN__DUPLICATE_METHOD_MATCH = YES;
				"CODE_SIGN_IDENTITY[sdk=iphoneos*]" = "iPhone Developer";
				COPY_PHASE_STRIP = NO;
				DEBUG_INFORMATION_FORMAT = "dwarf-with-dsym";
				ENABLE_NS_ASSERTIONS = NO;
				ENABLE_STRICT_OBJC_MSGSEND = YES;
				GCC_C_LANGUAGE_STANDARD = gnu99;
				GCC_NO_COMMON_BLOCKS = YES;
				GCC_WARN_64_TO_32_BIT_CONVERSION = YES;
				GCC_WARN_ABOUT_RETURN_TYPE = YES_ERROR;
				GCC_WARN_UNDECLARED_SELECTOR = YES;
				GCC_WARN_UNINITIALIZED_AUTOS = YES_AGGRESSIVE;
				GCC_WARN_UNUSED_FUNCTION = YES;
				GCC_WARN_UNUSED_VARIABLE = YES;
				IPHONEOS_DEPLOYMENT_TARGET = 10.3;
				MTL_ENABLE_DEBUG_INFO = NO;
				SDKROOT = iphoneos;
				SWIFT_OPTIMIZATION_LEVEL = "-Owholemodule";
				VALIDATE_PRODUCT = YES;
			};
			name = Release;
		};
		ACEA60221E92BE6A008DBCDB /* Debug */ = {
			isa = XCBuildConfiguration;
			baseConfigurationReference = 7AB0A09F786EE65E282BBD3B /* Pods-RealmExample.debug.xcconfig */;
			buildSettings = {
				ASSETCATALOG_COMPILER_APPICON_NAME = AppIcon;
				DEVELOPMENT_TEAM = PXDF48X6VX;
				INFOPLIST_FILE = RealmExample/Info.plist;
				LD_RUNPATH_SEARCH_PATHS = "$(inherited) @executable_path/Frameworks";
				PRODUCT_BUNDLE_IDENTIFIER = cz.ackee.RealmExample;
				PRODUCT_NAME = "$(TARGET_NAME)";
				SWIFT_VERSION = 3.0;
			};
			name = Debug;
		};
		ACEA60231E92BE6A008DBCDB /* Release */ = {
			isa = XCBuildConfiguration;
			baseConfigurationReference = EB6A57A5A23ABA8A02FAC909 /* Pods-RealmExample.release.xcconfig */;
			buildSettings = {
				ASSETCATALOG_COMPILER_APPICON_NAME = AppIcon;
				DEVELOPMENT_TEAM = PXDF48X6VX;
				INFOPLIST_FILE = RealmExample/Info.plist;
				LD_RUNPATH_SEARCH_PATHS = "$(inherited) @executable_path/Frameworks";
				PRODUCT_BUNDLE_IDENTIFIER = cz.ackee.RealmExample;
				PRODUCT_NAME = "$(TARGET_NAME)";
				SWIFT_VERSION = 3.0;
			};
			name = Release;
		};
/* End XCBuildConfiguration section */

/* Begin XCConfigurationList section */
		ACEA60051E92BE69008DBCDB /* Build configuration list for PBXProject "RealmExample" */ = {
			isa = XCConfigurationList;
			buildConfigurations = (
				ACEA601F1E92BE6A008DBCDB /* Debug */,
				ACEA60201E92BE6A008DBCDB /* Release */,
			);
			defaultConfigurationIsVisible = 0;
			defaultConfigurationName = Release;
		};
		ACEA60211E92BE6A008DBCDB /* Build configuration list for PBXNativeTarget "RealmExample" */ = {
			isa = XCConfigurationList;
			buildConfigurations = (
				ACEA60221E92BE6A008DBCDB /* Debug */,
				ACEA60231E92BE6A008DBCDB /* Release */,
			);
			defaultConfigurationIsVisible = 0;
			defaultConfigurationName = Release;
		};
/* End XCConfigurationList section */

/* Begin XCVersionGroup section */
		ACEA600F1E92BE69008DBCDB /* RealmExample.xcdatamodeld */ = {
			isa = XCVersionGroup;
			children = (
				ACEA60101E92BE69008DBCDB /* RealmExample.xcdatamodel */,
			);
			currentVersion = ACEA60101E92BE69008DBCDB /* RealmExample.xcdatamodel */;
			path = RealmExample.xcdatamodeld;
			sourceTree = "<group>";
			versionGroupType = wrapper.xcdatamodel;
		};
/* End XCVersionGroup section */
	};
	rootObject = ACEA60021E92BE69008DBCDB /* Project object */;
}
